
Microsoft Visual Studio Solution File, Format Version 12.00
# Visual Studio Version 17
VisualStudioVersion = 17.3.32811.315
MinimumVisualStudioVersion = 10.0.40219.1
Project("{FAE04EC0-301F-11D3-BF4B-00C04F79EFBC}") = "OOPExperiments", "OOPExperiments\OOPExperiments.csproj", "{5016018C-852D-4425-A17A-3226C2FA17FB}"
EndProject
Global
	GlobalSection(SolutionConfigurationPlatforms) = preSolution
		Debug|Any CPU = Debug|Any CPU
		Release|Any CPU = Release|Any CPU
	EndGlobalSection
	GlobalSection(ProjectConfigurationPlatforms) = postSolution
		{5016018C-852D-4425-A17A-3226C2FA17FB}.Debug|Any CPU.ActiveCfg = Debug|Any CPU
		{5016018C-852D-4425-A17A-3226C2FA17FB}.Debug|Any CPU.Build.0 = Debug|Any CPU
		{5016018C-852D-4425-A17A-3226C2FA17FB}.Release|Any CPU.ActiveCfg = Release|Any CPU
		{5016018C-852D-4425-A17A-3226C2FA17FB}.Release|Any CPU.Build.0 = Release|Any CPU
	EndGlobalSection
	GlobalSection(SolutionProperties) = preSolution
		HideSolutionNode = FALSE
	EndGlobalSection
	GlobalSection(ExtensibilityGlobals) = postSolution
		SolutionGuid = {15F77797-8A10-4A62-A881-A4D7913B8FA6}
	EndGlobalSection
EndGlobal
