
Microsoft Visual Studio Solution File, Format Version 12.00
# Visual Studio Version 17
VisualStudioVersion = 17.3.32811.315
MinimumVisualStudioVersion = 10.0.40219.1
Project("{FAE04EC0-301F-11D3-BF4B-00C04F79EFBC}") = "StreamExpriments", "StreamExpriments\StreamExpriments.csproj", "{026C0138-3105-4BF7-AA4B-BCD3B2A35F1A}"
EndProject
Global
	GlobalSection(SolutionConfigurationPlatforms) = preSolution
		Debug|Any CPU = Debug|Any CPU
		Release|Any CPU = Release|Any CPU
	EndGlobalSection
	GlobalSection(ProjectConfigurationPlatforms) = postSolution
		{026C0138-3105-4BF7-AA4B-BCD3B2A35F1A}.Debug|Any CPU.ActiveCfg = Debug|Any CPU
		{026C0138-3105-4BF7-AA4B-BCD3B2A35F1A}.Debug|Any CPU.Build.0 = Debug|Any CPU
		{026C0138-3105-4BF7-AA4B-BCD3B2A35F1A}.Release|Any CPU.ActiveCfg = Release|Any CPU
		{026C0138-3105-4BF7-AA4B-BCD3B2A35F1A}.Release|Any CPU.Build.0 = Release|Any CPU
	EndGlobalSection
	GlobalSection(SolutionProperties) = preSolution
		HideSolutionNode = FALSE
	EndGlobalSection
	GlobalSection(ExtensibilityGlobals) = postSolution
		SolutionGuid = {1D5FB8C9-D7B7-438E-AB3B-5980CF6E620B}
	EndGlobalSection
EndGlobal
