
Microsoft Visual Studio Solution File, Format Version 12.00
# Visual Studio Version 17
VisualStudioVersion = 17.3.32811.315
MinimumVisualStudioVersion = 10.0.40219.1
Project("{FAE04EC0-301F-11D3-BF4B-00C04F79EFBC}") = "StreamExperiments", "StreamExperiments\StreamExperiments.csproj", "{0508B78A-59BA-4583-A723-F95AE82D46E0}"
EndProject
Global
	GlobalSection(SolutionConfigurationPlatforms) = preSolution
		Debug|Any CPU = Debug|Any CPU
		Release|Any CPU = Release|Any CPU
	EndGlobalSection
	GlobalSection(ProjectConfigurationPlatforms) = postSolution
		{0508B78A-59BA-4583-A723-F95AE82D46E0}.Debug|Any CPU.ActiveCfg = Debug|Any CPU
		{0508B78A-59BA-4583-A723-F95AE82D46E0}.Debug|Any CPU.Build.0 = Debug|Any CPU
		{0508B78A-59BA-4583-A723-F95AE82D46E0}.Release|Any CPU.ActiveCfg = Release|Any CPU
		{0508B78A-59BA-4583-A723-F95AE82D46E0}.Release|Any CPU.Build.0 = Release|Any CPU
	EndGlobalSection
	GlobalSection(SolutionProperties) = preSolution
		HideSolutionNode = FALSE
	EndGlobalSection
	GlobalSection(ExtensibilityGlobals) = postSolution
		SolutionGuid = {3139D381-657F-416A-A463-3C33DE3C9797}
	EndGlobalSection
EndGlobal
