
Microsoft Visual Studio Solution File, Format Version 12.00
# Visual Studio Version 17
VisualStudioVersion = 17.3.32811.315
MinimumVisualStudioVersion = 10.0.40219.1
Project("{FAE04EC0-301F-11D3-BF4B-00C04F79EFBC}") = "MatchGame", "MatchGame\MatchGame.csproj", "{7014784C-4BB9-4CEC-96D3-9B7C6270AE36}"
EndProject
Global
	GlobalSection(SolutionConfigurationPlatforms) = preSolution
		Debug|Any CPU = Debug|Any CPU
		Release|Any CPU = Release|Any CPU
	EndGlobalSection
	GlobalSection(ProjectConfigurationPlatforms) = postSolution
		{7014784C-4BB9-4CEC-96D3-9B7C6270AE36}.Debug|Any CPU.ActiveCfg = Debug|Any CPU
		{7014784C-4BB9-4CEC-96D3-9B7C6270AE36}.Debug|Any CPU.Build.0 = Debug|Any CPU
		{7014784C-4BB9-4CEC-96D3-9B7C6270AE36}.Release|Any CPU.ActiveCfg = Release|Any CPU
		{7014784C-4BB9-4CEC-96D3-9B7C6270AE36}.Release|Any CPU.Build.0 = Release|Any CPU
	EndGlobalSection
	GlobalSection(SolutionProperties) = preSolution
		HideSolutionNode = FALSE
	EndGlobalSection
	GlobalSection(ExtensibilityGlobals) = postSolution
		SolutionGuid = {DA76348B-DF17-416F-B6BC-A2C260FBE9EF}
	EndGlobalSection
EndGlobal
