
Microsoft Visual Studio Solution File, Format Version 12.00
# Visual Studio Version 17
VisualStudioVersion = 17.3.32811.315
MinimumVisualStudioVersion = 10.0.40219.1
Project("{FAE04EC0-301F-11D3-BF4B-00C04F79EFBC}") = "BeehiveManagementSystem", "BeehiveManagementSystem\BeehiveManagementSystem.csproj", "{F865E381-79E3-4669-B747-41129FCEBEDA}"
EndProject
Global
	GlobalSection(SolutionConfigurationPlatforms) = preSolution
		Debug|Any CPU = Debug|Any CPU
		Release|Any CPU = Release|Any CPU
	EndGlobalSection
	GlobalSection(ProjectConfigurationPlatforms) = postSolution
		{F865E381-79E3-4669-B747-41129FCEBEDA}.Debug|Any CPU.ActiveCfg = Debug|Any CPU
		{F865E381-79E3-4669-B747-41129FCEBEDA}.Debug|Any CPU.Build.0 = Debug|Any CPU
		{F865E381-79E3-4669-B747-41129FCEBEDA}.Release|Any CPU.ActiveCfg = Release|Any CPU
		{F865E381-79E3-4669-B747-41129FCEBEDA}.Release|Any CPU.Build.0 = Release|Any CPU
	EndGlobalSection
	GlobalSection(SolutionProperties) = preSolution
		HideSolutionNode = FALSE
	EndGlobalSection
	GlobalSection(ExtensibilityGlobals) = postSolution
		SolutionGuid = {44699A8D-338F-457E-B805-68B6174C3B61}
	EndGlobalSection
EndGlobal
