
Microsoft Visual Studio Solution File, Format Version 12.00
# Visual Studio Version 17
VisualStudioVersion = 17.3.32811.315
MinimumVisualStudioVersion = 10.0.40219.1
Project("{FAE04EC0-301F-11D3-BF4B-00C04F79EFBC}") = "ExperimentWithControls", "ExperimentWithControls\ExperimentWithControls.csproj", "{40BA219A-17E7-43BD-BC9B-D44B5FFA9D78}"
EndProject
Global
	GlobalSection(SolutionConfigurationPlatforms) = preSolution
		Debug|Any CPU = Debug|Any CPU
		Release|Any CPU = Release|Any CPU
	EndGlobalSection
	GlobalSection(ProjectConfigurationPlatforms) = postSolution
		{40BA219A-17E7-43BD-BC9B-D44B5FFA9D78}.Debug|Any CPU.ActiveCfg = Debug|Any CPU
		{40BA219A-17E7-43BD-BC9B-D44B5FFA9D78}.Debug|Any CPU.Build.0 = Debug|Any CPU
		{40BA219A-17E7-43BD-BC9B-D44B5FFA9D78}.Release|Any CPU.ActiveCfg = Release|Any CPU
		{40BA219A-17E7-43BD-BC9B-D44B5FFA9D78}.Release|Any CPU.Build.0 = Release|Any CPU
	EndGlobalSection
	GlobalSection(SolutionProperties) = preSolution
		HideSolutionNode = FALSE
	EndGlobalSection
	GlobalSection(ExtensibilityGlobals) = postSolution
		SolutionGuid = {CC136D74-EA11-40A1-A339-602A1E1E9CEB}
	EndGlobalSection
EndGlobal
