
Microsoft Visual Studio Solution File, Format Version 12.00
# Visual Studio Version 17
VisualStudioVersion = 17.3.32811.315
MinimumVisualStudioVersion = 10.0.40219.1
Project("{FAE04EC0-301F-11D3-BF4B-00C04F79EFBC}") = "GameDamageCalculator", "GameDamageCalculator\GameDamageCalculator.csproj", "{10E0C7B9-0118-4884-861D-598EAC169FD0}"
EndProject
Global
	GlobalSection(SolutionConfigurationPlatforms) = preSolution
		Debug|Any CPU = Debug|Any CPU
		Release|Any CPU = Release|Any CPU
	EndGlobalSection
	GlobalSection(ProjectConfigurationPlatforms) = postSolution
		{10E0C7B9-0118-4884-861D-598EAC169FD0}.Debug|Any CPU.ActiveCfg = Debug|Any CPU
		{10E0C7B9-0118-4884-861D-598EAC169FD0}.Debug|Any CPU.Build.0 = Debug|Any CPU
		{10E0C7B9-0118-4884-861D-598EAC169FD0}.Release|Any CPU.ActiveCfg = Release|Any CPU
		{10E0C7B9-0118-4884-861D-598EAC169FD0}.Release|Any CPU.Build.0 = Release|Any CPU
	EndGlobalSection
	GlobalSection(SolutionProperties) = preSolution
		HideSolutionNode = FALSE
	EndGlobalSection
	GlobalSection(ExtensibilityGlobals) = postSolution
		SolutionGuid = {5F4AE530-5D18-41A7-ABCB-8F3A1FBEBA25}
	EndGlobalSection
EndGlobal
